
Microsoft Visual Studio Solution File, Format Version 12.00
Project("{FAE04EC0-301F-11D3-BF4B-00C04F79EFBC}") = "Session_01", "Session_01\Session_01.csproj", "{F227988A-0343-490A-91C2-590634963566}"
EndProject
Global
	GlobalSection(SolutionConfigurationPlatforms) = preSolution
		Debug|Any CPU = Debug|Any CPU
		Release|Any CPU = Release|Any CPU
	EndGlobalSection
	GlobalSection(ProjectConfigurationPlatforms) = postSolution
		{F227988A-0343-490A-91C2-590634963566}.Debug|Any CPU.ActiveCfg = Debug|Any CPU
		{F227988A-0343-490A-91C2-590634963566}.Debug|Any CPU.Build.0 = Debug|Any CPU
		{F227988A-0343-490A-91C2-590634963566}.Release|Any CPU.ActiveCfg = Release|Any CPU
		{F227988A-0343-490A-91C2-590634963566}.Release|Any CPU.Build.0 = Release|Any CPU
	EndGlobalSection
EndGlobal
