
Microsoft Visual Studio Solution File, Format Version 12.00
# Visual Studio Version 17
VisualStudioVersion = 17.10.35013.160
MinimumVisualStudioVersion = 10.0.40219.1
Project("{FAE04EC0-301F-11D3-BF4B-00C04F79EFBC}") = "Demo_Ass_2", "Demo_Ass_2.csproj", "{53EDCAD1-1B16-4D5A-9B66-B45FA613BAFD}"
EndProject
Global
	GlobalSection(SolutionConfigurationPlatforms) = preSolution
		Debug|Any CPU = Debug|Any CPU
		Release|Any CPU = Release|Any CPU
	EndGlobalSection
	GlobalSection(ProjectConfigurationPlatforms) = postSolution
		{53EDCAD1-1B16-4D5A-9B66-B45FA613BAFD}.Debug|Any CPU.ActiveCfg = Debug|Any CPU
		{53EDCAD1-1B16-4D5A-9B66-B45FA613BAFD}.Debug|Any CPU.Build.0 = Debug|Any CPU
		{53EDCAD1-1B16-4D5A-9B66-B45FA613BAFD}.Release|Any CPU.ActiveCfg = Release|Any CPU
		{53EDCAD1-1B16-4D5A-9B66-B45FA613BAFD}.Release|Any CPU.Build.0 = Release|Any CPU
	EndGlobalSection
	GlobalSection(SolutionProperties) = preSolution
		HideSolutionNode = FALSE
	EndGlobalSection
	GlobalSection(ExtensibilityGlobals) = postSolution
		SolutionGuid = {6FE7B21C-6AF7-42E4-B7EE-B8A41E8F8D53}
	EndGlobalSection
EndGlobal
