
Microsoft Visual Studio Solution File, Format Version 12.00
Project("{FAE04EC0-301F-11D3-BF4B-00C04F79EFBC}") = "Company.S03.PL", "Company.S03.PL\Company.S03.PL.csproj", "{ED0A57D1-2E08-4F4C-8B1B-C7D60BCECC22}"
EndProject
Project("{FAE04EC0-301F-11D3-BF4B-00C04F79EFBC}") = "Company.S03.DAL", "Company.S03.DAL\Company.S03.DAL.csproj", "{5F9FFF82-3290-40E4-AB08-F324870BF194}"
EndProject
Project("{FAE04EC0-301F-11D3-BF4B-00C04F79EFBC}") = "Company.S03.BLL", "Company.S03.BLL\Company.S03.BLL.csproj", "{17CA7ED5-2276-45A7-B29E-01D8F20E6A9F}"
EndProject
Global
	GlobalSection(SolutionConfigurationPlatforms) = preSolution
		Debug|Any CPU = Debug|Any CPU
		Release|Any CPU = Release|Any CPU
	EndGlobalSection
	GlobalSection(ProjectConfigurationPlatforms) = postSolution
		{ED0A57D1-2E08-4F4C-8B1B-C7D60BCECC22}.Debug|Any CPU.ActiveCfg = Debug|Any CPU
		{ED0A57D1-2E08-4F4C-8B1B-C7D60BCECC22}.Debug|Any CPU.Build.0 = Debug|Any CPU
		{ED0A57D1-2E08-4F4C-8B1B-C7D60BCECC22}.Release|Any CPU.ActiveCfg = Release|Any CPU
		{ED0A57D1-2E08-4F4C-8B1B-C7D60BCECC22}.Release|Any CPU.Build.0 = Release|Any CPU
		{5F9FFF82-3290-40E4-AB08-F324870BF194}.Debug|Any CPU.ActiveCfg = Debug|Any CPU
		{5F9FFF82-3290-40E4-AB08-F324870BF194}.Debug|Any CPU.Build.0 = Debug|Any CPU
		{5F9FFF82-3290-40E4-AB08-F324870BF194}.Release|Any CPU.ActiveCfg = Release|Any CPU
		{5F9FFF82-3290-40E4-AB08-F324870BF194}.Release|Any CPU.Build.0 = Release|Any CPU
		{17CA7ED5-2276-45A7-B29E-01D8F20E6A9F}.Debug|Any CPU.ActiveCfg = Debug|Any CPU
		{17CA7ED5-2276-45A7-B29E-01D8F20E6A9F}.Debug|Any CPU.Build.0 = Debug|Any CPU
		{17CA7ED5-2276-45A7-B29E-01D8F20E6A9F}.Release|Any CPU.ActiveCfg = Release|Any CPU
		{17CA7ED5-2276-45A7-B29E-01D8F20E6A9F}.Release|Any CPU.Build.0 = Release|Any CPU
	EndGlobalSection
EndGlobal
